// !$*UTF8*$!
{
	archiveVersion = 1;
	classes = {
	};
	objectVersion = 46;
	objects = {

/* Begin PBXBuildFile section */
		73417C8116CF1C9C0021B06C /* BMI.m in Sources */ = {isa = PBXBuildFile; fileRef = 73417C8016CF1C9C0021B06C /* BMI.m */; };
		7366380016D0165F0077D4EA /* UserDefaults.m in Sources */ = {isa = PBXBuildFile; fileRef = 736637FF16D0165F0077D4EA /* UserDefaults.m */; };
		737C775B16D20E700099613C /* Weightlifting-128.png in Resources */ = {isa = PBXBuildFile; fileRef = 737C775A16D20E700099613C /* Weightlifting-128.png */; };
		737C775D16D20E980099613C /* Weightlifting-114.png in Resources */ = {isa = PBXBuildFile; fileRef = 737C775C16D20E980099613C /* Weightlifting-114.png */; };
		73D625C916CE8DCC0084C149 /* UIKit.framework in Frameworks */ = {isa = PBXBuildFile; fileRef = 73D625C816CE8DCC0084C149 /* UIKit.framework */; };
		73D625CB16CE8DCC0084C149 /* Foundation.framework in Frameworks */ = {isa = PBXBuildFile; fileRef = 73D625CA16CE8DCC0084C149 /* Foundation.framework */; };
		73D625CD16CE8DCC0084C149 /* CoreGraphics.framework in Frameworks */ = {isa = PBXBuildFile; fileRef = 73D625CC16CE8DCC0084C149 /* CoreGraphics.framework */; };
		73D625D316CE8DCC0084C149 /* InfoPlist.strings in Resources */ = {isa = PBXBuildFile; fileRef = 73D625D116CE8DCC0084C149 /* InfoPlist.strings */; };
		73D625D516CE8DCC0084C149 /* main.m in Sources */ = {isa = PBXBuildFile; fileRef = 73D625D416CE8DCC0084C149 /* main.m */; };
		73D625D916CE8DCC0084C149 /* AppDelegate.m in Sources */ = {isa = PBXBuildFile; fileRef = 73D625D816CE8DCC0084C149 /* AppDelegate.m */; };
		73D625DB16CE8DCC0084C149 /* Default.png in Resources */ = {isa = PBXBuildFile; fileRef = 73D625DA16CE8DCC0084C149 /* Default.png */; };
		73D625DD16CE8DCC0084C149 /* Default@2x.png in Resources */ = {isa = PBXBuildFile; fileRef = 73D625DC16CE8DCC0084C149 /* Default@2x.png */; };
		73D625DF16CE8DCC0084C149 /* Default-568h@2x.png in Resources */ = {isa = PBXBuildFile; fileRef = 73D625DE16CE8DCC0084C149 /* Default-568h@2x.png */; };
		73D625E216CE8DCC0084C149 /* MainViewController.m in Sources */ = {isa = PBXBuildFile; fileRef = 73D625E116CE8DCC0084C149 /* MainViewController.m */; };
		73D625E516CE8DCC0084C149 /* FlipsideViewController.m in Sources */ = {isa = PBXBuildFile; fileRef = 73D625E416CE8DCC0084C149 /* FlipsideViewController.m */; };
		73D625E816CE8DCC0084C149 /* MainViewController.xib in Resources */ = {isa = PBXBuildFile; fileRef = 73D625E616CE8DCC0084C149 /* MainViewController.xib */; };
		73D625EB16CE8DCC0084C149 /* FlipsideViewController.xib in Resources */ = {isa = PBXBuildFile; fileRef = 73D625E916CE8DCC0084C149 /* FlipsideViewController.xib */; };
/* End PBXBuildFile section */

/* Begin PBXFileReference section */
		73417C7F16CF1C9C0021B06C /* BMI.h */ = {isa = PBXFileReference; fileEncoding = 4; lastKnownFileType = sourcecode.c.h; path = BMI.h; sourceTree = "<group>"; };
		73417C8016CF1C9C0021B06C /* BMI.m */ = {isa = PBXFileReference; fileEncoding = 4; lastKnownFileType = sourcecode.c.objc; path = BMI.m; sourceTree = "<group>"; };
		736637FE16D0165F0077D4EA /* UserDefaults.h */ = {isa = PBXFileReference; fileEncoding = 4; lastKnownFileType = sourcecode.c.h; name = UserDefaults.h; path = ../UserDefaults.h; sourceTree = "<group>"; };
		736637FF16D0165F0077D4EA /* UserDefaults.m */ = {isa = PBXFileReference; fileEncoding = 4; lastKnownFileType = sourcecode.c.objc; name = UserDefaults.m; path = ../UserDefaults.m; sourceTree = "<group>"; };
		737C775A16D20E700099613C /* Weightlifting-128.png */ = {isa = PBXFileReference; lastKnownFileType = image.png; path = "Weightlifting-128.png"; sourceTree = "<group>"; };
		737C775C16D20E980099613C /* Weightlifting-114.png */ = {isa = PBXFileReference; lastKnownFileType = image.png; path = "Weightlifting-114.png"; sourceTree = "<group>"; };
		73D625C516CE8DCC0084C149 /* BMICalc.app */ = {isa = PBXFileReference; explicitFileType = wrapper.application; includeInIndex = 0; path = BMICalc.app; sourceTree = BUILT_PRODUCTS_DIR; };
		73D625C816CE8DCC0084C149 /* UIKit.framework */ = {isa = PBXFileReference; lastKnownFileType = wrapper.framework; name = UIKit.framework; path = System/Library/Frameworks/UIKit.framework; sourceTree = SDKROOT; };
		73D625CA16CE8DCC0084C149 /* Foundation.framework */ = {isa = PBXFileReference; lastKnownFileType = wrapper.framework; name = Foundation.framework; path = System/Library/Frameworks/Foundation.framework; sourceTree = SDKROOT; };
		73D625CC16CE8DCC0084C149 /* CoreGraphics.framework */ = {isa = PBXFileReference; lastKnownFileType = wrapper.framework; name = CoreGraphics.framework; path = System/Library/Frameworks/CoreGraphics.framework; sourceTree = SDKROOT; };
		73D625D016CE8DCC0084C149 /* BMICalc-Info.plist */ = {isa = PBXFileReference; lastKnownFileType = text.plist.xml; path = "BMICalc-Info.plist"; sourceTree = "<group>"; };
		73D625D216CE8DCC0084C149 /* en */ = {isa = PBXFileReference; lastKnownFileType = text.plist.strings; name = en; path = en.lproj/InfoPlist.strings; sourceTree = "<group>"; };
		73D625D416CE8DCC0084C149 /* main.m */ = {isa = PBXFileReference; lastKnownFileType = sourcecode.c.objc; path = main.m; sourceTree = "<group>"; };
		73D625D616CE8DCC0084C149 /* BMICalc-Prefix.pch */ = {isa = PBXFileReference; lastKnownFileType = sourcecode.c.h; path = "BMICalc-Prefix.pch"; sourceTree = "<group>"; };
		73D625D716CE8DCC0084C149 /* AppDelegate.h */ = {isa = PBXFileReference; lastKnownFileType = sourcecode.c.h; path = AppDelegate.h; sourceTree = "<group>"; };
		73D625D816CE8DCC0084C149 /* AppDelegate.m */ = {isa = PBXFileReference; lastKnownFileType = sourcecode.c.objc; path = AppDelegate.m; sourceTree = "<group>"; };
		73D625DA16CE8DCC0084C149 /* Default.png */ = {isa = PBXFileReference; lastKnownFileType = image.png; path = Default.png; sourceTree = "<group>"; };
		73D625DC16CE8DCC0084C149 /* Default@2x.png */ = {isa = PBXFileReference; lastKnownFileType = image.png; path = "Default@2x.png"; sourceTree = "<group>"; };
		73D625DE16CE8DCC0084C149 /* Default-568h@2x.png */ = {isa = PBXFileReference; lastKnownFileType = image.png; path = "Default-568h@2x.png"; sourceTree = "<group>"; };
		73D625E016CE8DCC0084C149 /* MainViewController.h */ = {isa = PBXFileReference; lastKnownFileType = sourcecode.c.h; path = MainViewController.h; sourceTree = "<group>"; };
		73D625E116CE8DCC0084C149 /* MainViewController.m */ = {isa = PBXFileReference; lastKnownFileType = sourcecode.c.objc; path = MainViewController.m; sourceTree = "<group>"; };
		73D625E316CE8DCC0084C149 /* FlipsideViewController.h */ = {isa = PBXFileReference; lastKnownFileType = sourcecode.c.h; path = FlipsideViewController.h; sourceTree = "<group>"; };
		73D625E416CE8DCC0084C149 /* FlipsideViewController.m */ = {isa = PBXFileReference; lastKnownFileType = sourcecode.c.objc; path = FlipsideViewController.m; sourceTree = "<group>"; };
		73D625E716CE8DCC0084C149 /* en */ = {isa = PBXFileReference; lastKnownFileType = file.xib; name = en; path = en.lproj/MainViewController.xib; sourceTree = "<group>"; };
		73D625EA16CE8DCC0084C149 /* en */ = {isa = PBXFileReference; lastKnownFileType = file.xib; name = en; path = en.lproj/FlipsideViewController.xib; sourceTree = "<group>"; };
/* End PBXFileReference section */

/* Begin PBXFrameworksBuildPhase section */
		73D625C216CE8DCC0084C149 /* Frameworks */ = {
			isa = PBXFrameworksBuildPhase;
			buildActionMask = 2147483647;
			files = (
				73D625C916CE8DCC0084C149 /* UIKit.framework in Frameworks */,
				73D625CB16CE8DCC0084C149 /* Foundation.framework in Frameworks */,
				73D625CD16CE8DCC0084C149 /* CoreGraphics.framework in Frameworks */,
			);
			runOnlyForDeploymentPostprocessing = 0;
		};
/* End PBXFrameworksBuildPhase section */

/* Begin PBXGroup section */
		73D625BC16CE8DCC0084C149 = {
			isa = PBXGroup;
			children = (
				737C775C16D20E980099613C /* Weightlifting-114.png */,
				737C775A16D20E700099613C /* Weightlifting-128.png */,
				73D625CE16CE8DCC0084C149 /* BMICalc */,
				73D625C716CE8DCC0084C149 /* Frameworks */,
				73D625C616CE8DCC0084C149 /* Products */,
			);
			sourceTree = "<group>";
		};
		73D625C616CE8DCC0084C149 /* Products */ = {
			isa = PBXGroup;
			children = (
				73D625C516CE8DCC0084C149 /* BMICalc.app */,
			);
			name = Products;
			sourceTree = "<group>";
		};
		73D625C716CE8DCC0084C149 /* Frameworks */ = {
			isa = PBXGroup;
			children = (
				73D625C816CE8DCC0084C149 /* UIKit.framework */,
				73D625CA16CE8DCC0084C149 /* Foundation.framework */,
				73D625CC16CE8DCC0084C149 /* CoreGraphics.framework */,
			);
			name = Frameworks;
			sourceTree = "<group>";
		};
		73D625CE16CE8DCC0084C149 /* BMICalc */ = {
			isa = PBXGroup;
			children = (
				736637FE16D0165F0077D4EA /* UserDefaults.h */,
				736637FF16D0165F0077D4EA /* UserDefaults.m */,
				73D625D716CE8DCC0084C149 /* AppDelegate.h */,
				73D625D816CE8DCC0084C149 /* AppDelegate.m */,
				73D625E016CE8DCC0084C149 /* MainViewController.h */,
				73D625E116CE8DCC0084C149 /* MainViewController.m */,
				73D625E316CE8DCC0084C149 /* FlipsideViewController.h */,
				73D625E416CE8DCC0084C149 /* FlipsideViewController.m */,
				73D625E616CE8DCC0084C149 /* MainViewController.xib */,
				73D625E916CE8DCC0084C149 /* FlipsideViewController.xib */,
				73D625CF16CE8DCC0084C149 /* Supporting Files */,
				73417C7F16CF1C9C0021B06C /* BMI.h */,
				73417C8016CF1C9C0021B06C /* BMI.m */,
			);
			path = BMICalc;
			sourceTree = "<group>";
		};
		73D625CF16CE8DCC0084C149 /* Supporting Files */ = {
			isa = PBXGroup;
			children = (
				73D625D016CE8DCC0084C149 /* BMICalc-Info.plist */,
				73D625D116CE8DCC0084C149 /* InfoPlist.strings */,
				73D625D416CE8DCC0084C149 /* main.m */,
				73D625D616CE8DCC0084C149 /* BMICalc-Prefix.pch */,
				73D625DA16CE8DCC0084C149 /* Default.png */,
				73D625DC16CE8DCC0084C149 /* Default@2x.png */,
				73D625DE16CE8DCC0084C149 /* Default-568h@2x.png */,
			);
			name = "Supporting Files";
			sourceTree = "<group>";
		};
/* End PBXGroup section */

/* Begin PBXNativeTarget section */
		73D625C416CE8DCC0084C149 /* BMICalc */ = {
			isa = PBXNativeTarget;
			buildConfigurationList = 73D625EE16CE8DCC0084C149 /* Build configuration list for PBXNativeTarget "BMICalc" */;
			buildPhases = (
				73D625C116CE8DCC0084C149 /* Sources */,
				73D625C216CE8DCC0084C149 /* Frameworks */,
				73D625C316CE8DCC0084C149 /* Resources */,
			);
			buildRules = (
			);
			dependencies = (
			);
			name = BMICalc;
			productName = BMICalc;
			productReference = 73D625C516CE8DCC0084C149 /* BMICalc.app */;
			productType = "com.apple.product-type.application";
		};
/* End PBXNativeTarget section */

/* Begin PBXProject section */
		73D625BD16CE8DCC0084C149 /* Project object */ = {
			isa = PBXProject;
			attributes = {
				LastUpgradeCheck = 0460;
				ORGANIZATIONNAME = "Soroush Pour";
			};
			buildConfigurationList = 73D625C016CE8DCC0084C149 /* Build configuration list for PBXProject "BMICalc" */;
			compatibilityVersion = "Xcode 3.2";
			developmentRegion = English;
			hasScannedForEncodings = 0;
			knownRegions = (
				en,
			);
			mainGroup = 73D625BC16CE8DCC0084C149;
			productRefGroup = 73D625C616CE8DCC0084C149 /* Products */;
			projectDirPath = "";
			projectRoot = "";
			targets = (
				73D625C416CE8DCC0084C149 /* BMICalc */,
			);
		};
/* End PBXProject section */

/* Begin PBXResourcesBuildPhase section */
		73D625C316CE8DCC0084C149 /* Resources */ = {
			isa = PBXResourcesBuildPhase;
			buildActionMask = 2147483647;
			files = (
				73D625D316CE8DCC0084C149 /* InfoPlist.strings in Resources */,
				73D625DB16CE8DCC0084C149 /* Default.png in Resources */,
				73D625DD16CE8DCC0084C149 /* Default@2x.png in Resources */,
				73D625DF16CE8DCC0084C149 /* Default-568h@2x.png in Resources */,
				73D625E816CE8DCC0084C149 /* MainViewController.xib in Resources */,
				73D625EB16CE8DCC0084C149 /* FlipsideViewController.xib in Resources */,
				737C775B16D20E700099613C /* Weightlifting-128.png in Resources */,
				737C775D16D20E980099613C /* Weightlifting-114.png in Resources */,
			);
			runOnlyForDeploymentPostprocessing = 0;
		};
/* End PBXResourcesBuildPhase section */

/* Begin PBXSourcesBuildPhase section */
		73D625C116CE8DCC0084C149 /* Sources */ = {
			isa = PBXSourcesBuildPhase;
			buildActionMask = 2147483647;
			files = (
				73D625D516CE8DCC0084C149 /* main.m in Sources */,
				73D625D916CE8DCC0084C149 /* AppDelegate.m in Sources */,
				73D625E216CE8DCC0084C149 /* MainViewController.m in Sources */,
				73D625E516CE8DCC0084C149 /* FlipsideViewController.m in Sources */,
				73417C8116CF1C9C0021B06C /* BMI.m in Sources */,
				7366380016D0165F0077D4EA /* UserDefaults.m in Sources */,
			);
			runOnlyForDeploymentPostprocessing = 0;
		};
/* End PBXSourcesBuildPhase section */

/* Begin PBXVariantGroup section */
		73D625D116CE8DCC0084C149 /* InfoPlist.strings */ = {
			isa = PBXVariantGroup;
			children = (
				73D625D216CE8DCC0084C149 /* en */,
			);
			name = InfoPlist.strings;
			sourceTree = "<group>";
		};
		73D625E616CE8DCC0084C149 /* MainViewController.xib */ = {
			isa = PBXVariantGroup;
			children = (
				73D625E716CE8DCC0084C149 /* en */,
			);
			name = MainViewController.xib;
			sourceTree = "<group>";
		};
		73D625E916CE8DCC0084C149 /* FlipsideViewController.xib */ = {
			isa = PBXVariantGroup;
			children = (
				73D625EA16CE8DCC0084C149 /* en */,
			);
			name = FlipsideViewController.xib;
			sourceTree = "<group>";
		};
/* End PBXVariantGroup section */

/* Begin XCBuildConfiguration section */
		73D625EC16CE8DCC0084C149 /* Debug */ = {
			isa = XCBuildConfiguration;
			buildSettings = {
				ALWAYS_SEARCH_USER_PATHS = NO;
				CLANG_CXX_LANGUAGE_STANDARD = "gnu++0x";
				CLANG_CXX_LIBRARY = "libc++";
				CLANG_ENABLE_OBJC_ARC = YES;
				CLANG_WARN_CONSTANT_CONVERSION = YES;
				CLANG_WARN_EMPTY_BODY = YES;
				CLANG_WARN_ENUM_CONVERSION = YES;
				CLANG_WARN_INT_CONVERSION = YES;
				CLANG_WARN__DUPLICATE_METHOD_MATCH = YES;
				"CODE_SIGN_IDENTITY[sdk=iphoneos*]" = "iPhone Developer";
				COPY_PHASE_STRIP = NO;
				GCC_C_LANGUAGE_STANDARD = gnu99;
				GCC_DYNAMIC_NO_PIC = NO;
				GCC_OPTIMIZATION_LEVEL = 0;
				GCC_PREPROCESSOR_DEFINITIONS = (
					"DEBUG=1",
					"$(inherited)",
				);
				GCC_SYMBOLS_PRIVATE_EXTERN = NO;
				GCC_WARN_ABOUT_RETURN_TYPE = YES;
				GCC_WARN_UNINITIALIZED_AUTOS = YES;
				GCC_WARN_UNUSED_VARIABLE = YES;
				IPHONEOS_DEPLOYMENT_TARGET = 6.1;
				ONLY_ACTIVE_ARCH = YES;
				SDKROOT = iphoneos;
			};
			name = Debug;
		};
		73D625ED16CE8DCC0084C149 /* Release */ = {
			isa = XCBuildConfiguration;
			buildSettings = {
				ALWAYS_SEARCH_USER_PATHS = NO;
				CLANG_CXX_LANGUAGE_STANDARD = "gnu++0x";
				CLANG_CXX_LIBRARY = "libc++";
				CLANG_ENABLE_OBJC_ARC = YES;
				CLANG_WARN_CONSTANT_CONVERSION = YES;
				CLANG_WARN_EMPTY_BODY = YES;
				CLANG_WARN_ENUM_CONVERSION = YES;
				CLANG_WARN_INT_CONVERSION = YES;
				CLANG_WARN__DUPLICATE_METHOD_MATCH = YES;
				"CODE_SIGN_IDENTITY[sdk=iphoneos*]" = "iPhone Developer";
				COPY_PHASE_STRIP = YES;
				GCC_C_LANGUAGE_STANDARD = gnu99;
				GCC_WARN_ABOUT_RETURN_TYPE = YES;
				GCC_WARN_UNINITIALIZED_AUTOS = YES;
				GCC_WARN_UNUSED_VARIABLE = YES;
				IPHONEOS_DEPLOYMENT_TARGET = 6.1;
				OTHER_CFLAGS = "-DNS_BLOCK_ASSERTIONS=1";
				SDKROOT = iphoneos;
				VALIDATE_PRODUCT = YES;
			};
			name = Release;
		};
		73D625EF16CE8DCC0084C149 /* Debug */ = {
			isa = XCBuildConfiguration;
			buildSettings = {
				GCC_PRECOMPILE_PREFIX_HEADER = YES;
				GCC_PREFIX_HEADER = "BMICalc/BMICalc-Prefix.pch";
				INFOPLIST_FILE = "BMICalc/BMICalc-Info.plist";
				PRODUCT_NAME = "$(TARGET_NAME)";
				WRAPPER_EXTENSION = app;
			};
			name = Debug;
		};
		73D625F016CE8DCC0084C149 /* Release */ = {
			isa = XCBuildConfiguration;
			buildSettings = {
				GCC_PRECOMPILE_PREFIX_HEADER = YES;
				GCC_PREFIX_HEADER = "BMICalc/BMICalc-Prefix.pch";
				INFOPLIST_FILE = "BMICalc/BMICalc-Info.plist";
				PRODUCT_NAME = "$(TARGET_NAME)";
				WRAPPER_EXTENSION = app;
			};
			name = Release;
		};
/* End XCBuildConfiguration section */

/* Begin XCConfigurationList section */
		73D625C016CE8DCC0084C149 /* Build configuration list for PBXProject "BMICalc" */ = {
			isa = XCConfigurationList;
			buildConfigurations = (
				73D625EC16CE8DCC0084C149 /* Debug */,
				73D625ED16CE8DCC0084C149 /* Release */,
			);
			defaultConfigurationIsVisible = 0;
			defaultConfigurationName = Release;
		};
		73D625EE16CE8DCC0084C149 /* Build configuration list for PBXNativeTarget "BMICalc" */ = {
			isa = XCConfigurationList;
			buildConfigurations = (
				73D625EF16CE8DCC0084C149 /* Debug */,
				73D625F016CE8DCC0084C149 /* Release */,
			);
			defaultConfigurationIsVisible = 0;
			defaultConfigurationName = Release;
		};
/* End XCConfigurationList section */
	};
	rootObject = 73D625BD16CE8DCC0084C149 /* Project object */;
}
